
Microsoft Visual Studio Solution File, Format Version 12.00
# Visual Studio Version 16
VisualStudioVersion = 16.0.29001.49
MinimumVisualStudioVersion = 10.0.40219.1
Project("{FAE04EC0-301F-11D3-BF4B-00C04F79EFBC}") = "TmallAspNetCore", "TmallAspNetCore\TmallAspNetCore.csproj", "{73BE7714-0CE4-4502-8428-2300C41C5864}"
EndProject
Global
	GlobalSection(SolutionConfigurationPlatforms) = preSolution
		Debug|Any CPU = Debug|Any CPU
		Release|Any CPU = Release|Any CPU
	EndGlobalSection
	GlobalSection(ProjectConfigurationPlatforms) = postSolution
		{73BE7714-0CE4-4502-8428-2300C41C5864}.Debug|Any CPU.ActiveCfg = Debug|Any CPU
		{73BE7714-0CE4-4502-8428-2300C41C5864}.Debug|Any CPU.Build.0 = Debug|Any CPU
		{73BE7714-0CE4-4502-8428-2300C41C5864}.Release|Any CPU.ActiveCfg = Release|Any CPU
		{73BE7714-0CE4-4502-8428-2300C41C5864}.Release|Any CPU.Build.0 = Release|Any CPU
	EndGlobalSection
	GlobalSection(SolutionProperties) = preSolution
		HideSolutionNode = FALSE
	EndGlobalSection
	GlobalSection(ExtensibilityGlobals) = postSolution
		SolutionGuid = {5F8703C2-3710-46D9-9939-CB49240FE522}
	EndGlobalSection
EndGlobal
